
Microsoft Visual Studio Solution File, Format Version 12.00
# Visual Studio Version 16
VisualStudioVersion = 16.0.30002.166
MinimumVisualStudioVersion = 10.0.40219.1
Project("{9A19103F-16F7-4668-BE54-9A1E7A4F7556}") = "PiratesBay", "PiratesBay.csproj", "{9DD2303C-09E9-4FA9-B0E1-701099C4CFF7}"
EndProject
Global
	GlobalSection(SolutionConfigurationPlatforms) = preSolution
		Debug|Any CPU = Debug|Any CPU
		Release|Any CPU = Release|Any CPU
	EndGlobalSection
	GlobalSection(ProjectConfigurationPlatforms) = postSolution
		{9DD2303C-09E9-4FA9-B0E1-701099C4CFF7}.Debug|Any CPU.ActiveCfg = Debug|Any CPU
		{9DD2303C-09E9-4FA9-B0E1-701099C4CFF7}.Debug|Any CPU.Build.0 = Debug|Any CPU
		{9DD2303C-09E9-4FA9-B0E1-701099C4CFF7}.Release|Any CPU.ActiveCfg = Release|Any CPU
		{9DD2303C-09E9-4FA9-B0E1-701099C4CFF7}.Release|Any CPU.Build.0 = Release|Any CPU
	EndGlobalSection
	GlobalSection(SolutionProperties) = preSolution
		HideSolutionNode = FALSE
	EndGlobalSection
	GlobalSection(ExtensibilityGlobals) = postSolution
		SolutionGuid = {89492855-B27E-4F30-97E0-5504238942B8}
	EndGlobalSection
EndGlobal
